// !$*UTF8*$!
{
	archiveVersion = 1;
	classes = {
	};
	objectVersion = 50;
	objects = {

/* Begin PBXBuildFile section */
		CE2394E92560C71C0013B72A /* NewsAPITableView.swift in Sources */ = {isa = PBXBuildFile; fileRef = CE2394E82560C71C0013B72A /* NewsAPITableView.swift */; };
		CEF4C30925608C310029511A /* AppDelegate.swift in Sources */ = {isa = PBXBuildFile; fileRef = CEF4C30825608C310029511A /* AppDelegate.swift */; };
		CEF4C30B25608C310029511A /* SceneDelegate.swift in Sources */ = {isa = PBXBuildFile; fileRef = CEF4C30A25608C310029511A /* SceneDelegate.swift */; };
		CEF4C30D25608C310029511A /* ViewController.swift in Sources */ = {isa = PBXBuildFile; fileRef = CEF4C30C25608C310029511A /* ViewController.swift */; };
		CEF4C31025608C310029511A /* Main.storyboard in Resources */ = {isa = PBXBuildFile; fileRef = CEF4C30E25608C310029511A /* Main.storyboard */; };
		CEF4C31225608C330029511A /* Assets.xcassets in Resources */ = {isa = PBXBuildFile; fileRef = CEF4C31125608C330029511A /* Assets.xcassets */; };
		CEF4C31525608C330029511A /* LaunchScreen.storyboard in Resources */ = {isa = PBXBuildFile; fileRef = CEF4C31325608C330029511A /* LaunchScreen.storyboard */; };
		CEF4C31D25608CBC0029511A /* newsAPILocalData.json in Resources */ = {isa = PBXBuildFile; fileRef = CEF4C31C25608CBC0029511A /* newsAPILocalData.json */; };
		CEF4C31F25608DF00029511A /* models.swift in Sources */ = {isa = PBXBuildFile; fileRef = CEF4C31E25608DF00029511A /* models.swift */; };
/* End PBXBuildFile section */

/* Begin PBXFileReference section */
		CE2394E82560C71C0013B72A /* NewsAPITableView.swift */ = {isa = PBXFileReference; lastKnownFileType = sourcecode.swift; path = NewsAPITableView.swift; sourceTree = "<group>"; };
		CEF4C30525608C310029511A /* NewsAPIJSONParsingUsingCodable.app */ = {isa = PBXFileReference; explicitFileType = wrapper.application; includeInIndex = 0; path = NewsAPIJSONParsingUsingCodable.app; sourceTree = BUILT_PRODUCTS_DIR; };
		CEF4C30825608C310029511A /* AppDelegate.swift */ = {isa = PBXFileReference; lastKnownFileType = sourcecode.swift; path = AppDelegate.swift; sourceTree = "<group>"; };
		CEF4C30A25608C310029511A /* SceneDelegate.swift */ = {isa = PBXFileReference; lastKnownFileType = sourcecode.swift; path = SceneDelegate.swift; sourceTree = "<group>"; };
		CEF4C30C25608C310029511A /* ViewController.swift */ = {isa = PBXFileReference; lastKnownFileType = sourcecode.swift; path = ViewController.swift; sourceTree = "<group>"; };
		CEF4C30F25608C310029511A /* Base */ = {isa = PBXFileReference; lastKnownFileType = file.storyboard; name = Base; path = Base.lproj/Main.storyboard; sourceTree = "<group>"; };
		CEF4C31125608C330029511A /* Assets.xcassets */ = {isa = PBXFileReference; lastKnownFileType = folder.assetcatalog; path = Assets.xcassets; sourceTree = "<group>"; };
		CEF4C31425608C330029511A /* Base */ = {isa = PBXFileReference; lastKnownFileType = file.storyboard; name = Base; path = Base.lproj/LaunchScreen.storyboard; sourceTree = "<group>"; };
		CEF4C31625608C330029511A /* Info.plist */ = {isa = PBXFileReference; lastKnownFileType = text.plist.xml; path = Info.plist; sourceTree = "<group>"; };
		CEF4C31C25608CBC0029511A /* newsAPILocalData.json */ = {isa = PBXFileReference; lastKnownFileType = text.json; path = newsAPILocalData.json; sourceTree = "<group>"; };
		CEF4C31E25608DF00029511A /* models.swift */ = {isa = PBXFileReference; lastKnownFileType = sourcecode.swift; path = models.swift; sourceTree = "<group>"; };
/* End PBXFileReference section */

/* Begin PBXFrameworksBuildPhase section */
		CEF4C30225608C310029511A /* Frameworks */ = {
			isa = PBXFrameworksBuildPhase;
			buildActionMask = 2147483647;
			files = (
			);
			runOnlyForDeploymentPostprocessing = 0;
		};
/* End PBXFrameworksBuildPhase section */

/* Begin PBXGroup section */
		CEF4C2FC25608C310029511A = {
			isa = PBXGroup;
			children = (
				CEF4C30725608C310029511A /* NewsAPIJSONParsingUsingCodable */,
				CEF4C30625608C310029511A /* Products */,
			);
			sourceTree = "<group>";
		};
		CEF4C30625608C310029511A /* Products */ = {
			isa = PBXGroup;
			children = (
				CEF4C30525608C310029511A /* NewsAPIJSONParsingUsingCodable.app */,
			);
			name = Products;
			sourceTree = "<group>";
		};
		CEF4C30725608C310029511A /* NewsAPIJSONParsingUsingCodable */ = {
			isa = PBXGroup;
			children = (
				CEF4C30825608C310029511A /* AppDelegate.swift */,
				CEF4C30A25608C310029511A /* SceneDelegate.swift */,
				CEF4C31C25608CBC0029511A /* newsAPILocalData.json */,
				CEF4C31E25608DF00029511A /* models.swift */,
				CEF4C30C25608C310029511A /* ViewController.swift */,
				CE2394E82560C71C0013B72A /* NewsAPITableView.swift */,
				CEF4C30E25608C310029511A /* Main.storyboard */,
				CEF4C31125608C330029511A /* Assets.xcassets */,
				CEF4C31325608C330029511A /* LaunchScreen.storyboard */,
				CEF4C31625608C330029511A /* Info.plist */,
			);
			path = NewsAPIJSONParsingUsingCodable;
			sourceTree = "<group>";
		};
/* End PBXGroup section */

/* Begin PBXNativeTarget section */
		CEF4C30425608C310029511A /* NewsAPIJSONParsingUsingCodable */ = {
			isa = PBXNativeTarget;
			buildConfigurationList = CEF4C31925608C330029511A /* Build configuration list for PBXNativeTarget "NewsAPIJSONParsingUsingCodable" */;
			buildPhases = (
				CEF4C30125608C310029511A /* Sources */,
				CEF4C30225608C310029511A /* Frameworks */,
				CEF4C30325608C310029511A /* Resources */,
			);
			buildRules = (
			);
			dependencies = (
			);
			name = NewsAPIJSONParsingUsingCodable;
			productName = NewsAPIJSONParsingUsingCodable;
			productReference = CEF4C30525608C310029511A /* NewsAPIJSONParsingUsingCodable.app */;
			productType = "com.apple.product-type.application";
		};
/* End PBXNativeTarget section */

/* Begin PBXProject section */
		CEF4C2FD25608C310029511A /* Project object */ = {
			isa = PBXProject;
			attributes = {
				LastSwiftUpdateCheck = 1150;
				LastUpgradeCheck = 1150;
				ORGANIZATIONNAME = "Ranjeet Raushan";
				TargetAttributes = {
					CEF4C30425608C310029511A = {
						CreatedOnToolsVersion = 11.5;
					};
				};
			};
			buildConfigurationList = CEF4C30025608C310029511A /* Build configuration list for PBXProject "NewsAPIJSONParsingUsingCodable" */;
			compatibilityVersion = "Xcode 9.3";
			developmentRegion = en;
			hasScannedForEncodings = 0;
			knownRegions = (
				en,
				Base,
			);
			mainGroup = CEF4C2FC25608C310029511A;
			productRefGroup = CEF4C30625608C310029511A /* Products */;
			projectDirPath = "";
			projectRoot = "";
			targets = (
				CEF4C30425608C310029511A /* NewsAPIJSONParsingUsingCodable */,
			);
		};
/* End PBXProject section */

/* Begin PBXResourcesBuildPhase section */
		CEF4C30325608C310029511A /* Resources */ = {
			isa = PBXResourcesBuildPhase;
			buildActionMask = 2147483647;
			files = (
				CEF4C31525608C330029511A /* LaunchScreen.storyboard in Resources */,
				CEF4C31D25608CBC0029511A /* newsAPILocalData.json in Resources */,
				CEF4C31225608C330029511A /* Assets.xcassets in Resources */,
				CEF4C31025608C310029511A /* Main.storyboard in Resources */,
			);
			runOnlyForDeploymentPostprocessing = 0;
		};
/* End PBXResourcesBuildPhase section */

/* Begin PBXSourcesBuildPhase section */
		CEF4C30125608C310029511A /* Sources */ = {
			isa = PBXSourcesBuildPhase;
			buildActionMask = 2147483647;
			files = (
				CE2394E92560C71C0013B72A /* NewsAPITableView.swift in Sources */,
				CEF4C30D25608C310029511A /* ViewController.swift in Sources */,
				CEF4C30925608C310029511A /* AppDelegate.swift in Sources */,
				CEF4C30B25608C310029511A /* SceneDelegate.swift in Sources */,
				CEF4C31F25608DF00029511A /* models.swift in Sources */,
			);
			runOnlyForDeploymentPostprocessing = 0;
		};
/* End PBXSourcesBuildPhase section */

/* Begin PBXVariantGroup section */
		CEF4C30E25608C310029511A /* Main.storyboard */ = {
			isa = PBXVariantGroup;
			children = (
				CEF4C30F25608C310029511A /* Base */,
			);
			name = Main.storyboard;
			sourceTree = "<group>";
		};
		CEF4C31325608C330029511A /* LaunchScreen.storyboard */ = {
			isa = PBXVariantGroup;
			children = (
				CEF4C31425608C330029511A /* Base */,
			);
			name = LaunchScreen.storyboard;
			sourceTree = "<group>";
		};
/* End PBXVariantGroup section */

/* Begin XCBuildConfiguration section */
		CEF4C31725608C330029511A /* Debug */ = {
			isa = XCBuildConfiguration;
			buildSettings = {
				ALWAYS_SEARCH_USER_PATHS = NO;
				CLANG_ANALYZER_NONNULL = YES;
				CLANG_ANALYZER_NUMBER_OBJECT_CONVERSION = YES_AGGRESSIVE;
				CLANG_CXX_LANGUAGE_STANDARD = "gnu++14";
				CLANG_CXX_LIBRARY = "libc++";
				CLANG_ENABLE_MODULES = YES;
				CLANG_ENABLE_OBJC_ARC = YES;
				CLANG_ENABLE_OBJC_WEAK = YES;
				CLANG_WARN_BLOCK_CAPTURE_AUTORELEASING = YES;
				CLANG_WARN_BOOL_CONVERSION = YES;
				CLANG_WARN_COMMA = YES;
				CLANG_WARN_CONSTANT_CONVERSION = YES;
				CLANG_WARN_DEPRECATED_OBJC_IMPLEMENTATIONS = YES;
				CLANG_WARN_DIRECT_OBJC_ISA_USAGE = YES_ERROR;
				CLANG_WARN_DOCUMENTATION_COMMENTS = YES;
				CLANG_WARN_EMPTY_BODY = YES;
				CLANG_WARN_ENUM_CONVERSION = YES;
				CLANG_WARN_INFINITE_RECURSION = YES;
				CLANG_WARN_INT_CONVERSION = YES;
				CLANG_WARN_NON_LITERAL_NULL_CONVERSION = YES;
				CLANG_WARN_OBJC_IMPLICIT_RETAIN_SELF = YES;
				CLANG_WARN_OBJC_LITERAL_CONVERSION = YES;
				CLANG_WARN_OBJC_ROOT_CLASS = YES_ERROR;
				CLANG_WARN_RANGE_LOOP_ANALYSIS = YES;
				CLANG_WARN_STRICT_PROTOTYPES = YES;
				CLANG_WARN_SUSPICIOUS_MOVE = YES;
				CLANG_WARN_UNGUARDED_AVAILABILITY = YES_AGGRESSIVE;
				CLANG_WARN_UNREACHABLE_CODE = YES;
				CLANG_WARN__DUPLICATE_METHOD_MATCH = YES;
				COPY_PHASE_STRIP = NO;
				DEBUG_INFORMATION_FORMAT = dwarf;
				ENABLE_STRICT_OBJC_MSGSEND = YES;
				ENABLE_TESTABILITY = YES;
				GCC_C_LANGUAGE_STANDARD = gnu11;
				GCC_DYNAMIC_NO_PIC = NO;
				GCC_NO_COMMON_BLOCKS = YES;
				GCC_OPTIMIZATION_LEVEL = 0;
				GCC_PREPROCESSOR_DEFINITIONS = (
					"DEBUG=1",
					"$(inherited)",
				);
				GCC_WARN_64_TO_32_BIT_CONVERSION = YES;
				GCC_WARN_ABOUT_RETURN_TYPE = YES_ERROR;
				GCC_WARN_UNDECLARED_SELECTOR = YES;
				GCC_WARN_UNINITIALIZED_AUTOS = YES_AGGRESSIVE;
				GCC_WARN_UNUSED_FUNCTION = YES;
				GCC_WARN_UNUSED_VARIABLE = YES;
				IPHONEOS_DEPLOYMENT_TARGET = 13.5;
				MTL_ENABLE_DEBUG_INFO = INCLUDE_SOURCE;
				MTL_FAST_MATH = YES;
				ONLY_ACTIVE_ARCH = YES;
				SDKROOT = iphoneos;
				SWIFT_ACTIVE_COMPILATION_CONDITIONS = DEBUG;
				SWIFT_OPTIMIZATION_LEVEL = "-Onone";
			};
			name = Debug;
		};
		CEF4C31825608C330029511A /* Release */ = {
			isa = XCBuildConfiguration;
			buildSettings = {
				ALWAYS_SEARCH_USER_PATHS = NO;
				CLANG_ANALYZER_NONNULL = YES;
				CLANG_ANALYZER_NUMBER_OBJECT_CONVERSION = YES_AGGRESSIVE;
				CLANG_CXX_LANGUAGE_STANDARD = "gnu++14";
				CLANG_CXX_LIBRARY = "libc++";
				CLANG_ENABLE_MODULES = YES;
				CLANG_ENABLE_OBJC_ARC = YES;
				CLANG_ENABLE_OBJC_WEAK = YES;
				CLANG_WARN_BLOCK_CAPTURE_AUTORELEASING = YES;
				CLANG_WARN_BOOL_CONVERSION = YES;
				CLANG_WARN_COMMA = YES;
				CLANG_WARN_CONSTANT_CONVERSION = YES;
				CLANG_WARN_DEPRECATED_OBJC_IMPLEMENTATIONS = YES;
				CLANG_WARN_DIRECT_OBJC_ISA_USAGE = YES_ERROR;
				CLANG_WARN_DOCUMENTATION_COMMENTS = YES;
				CLANG_WARN_EMPTY_BODY = YES;
				CLANG_WARN_ENUM_CONVERSION = YES;
				CLANG_WARN_INFINITE_RECURSION = YES;
				CLANG_WARN_INT_CONVERSION = YES;
				CLANG_WARN_NON_LITERAL_NULL_CONVERSION = YES;
				CLANG_WARN_OBJC_IMPLICIT_RETAIN_SELF = YES;
				CLANG_WARN_OBJC_LITERAL_CONVERSION = YES;
				CLANG_WARN_OBJC_ROOT_CLASS = YES_ERROR;
				CLANG_WARN_RANGE_LOOP_ANALYSIS = YES;
				CLANG_WARN_STRICT_PROTOTYPES = YES;
				CLANG_WARN_SUSPICIOUS_MOVE = YES;
				CLANG_WARN_UNGUARDED_AVAILABILITY = YES_AGGRESSIVE;
				CLANG_WARN_UNREACHABLE_CODE = YES;
				CLANG_WARN__DUPLICATE_METHOD_MATCH = YES;
				COPY_PHASE_STRIP = NO;
				DEBUG_INFORMATION_FORMAT = "dwarf-with-dsym";
				ENABLE_NS_ASSERTIONS = NO;
				ENABLE_STRICT_OBJC_MSGSEND = YES;
				GCC_C_LANGUAGE_STANDARD = gnu11;
				GCC_NO_COMMON_BLOCKS = YES;
				GCC_WARN_64_TO_32_BIT_CONVERSION = YES;
				GCC_WARN_ABOUT_RETURN_TYPE = YES_ERROR;
				GCC_WARN_UNDECLARED_SELECTOR = YES;
				GCC_WARN_UNINITIALIZED_AUTOS = YES_AGGRESSIVE;
				GCC_WARN_UNUSED_FUNCTION = YES;
				GCC_WARN_UNUSED_VARIABLE = YES;
				IPHONEOS_DEPLOYMENT_TARGET = 13.5;
				MTL_ENABLE_DEBUG_INFO = NO;
				MTL_FAST_MATH = YES;
				SDKROOT = iphoneos;
				SWIFT_COMPILATION_MODE = wholemodule;
				SWIFT_OPTIMIZATION_LEVEL = "-O";
				VALIDATE_PRODUCT = YES;
			};
			name = Release;
		};
		CEF4C31A25608C330029511A /* Debug */ = {
			isa = XCBuildConfiguration;
			buildSettings = {
				ASSETCATALOG_COMPILER_APPICON_NAME = AppIcon;
				CODE_SIGN_STYLE = Automatic;
				DEVELOPMENT_TEAM = ZBBZ6K6ZJT;
				INFOPLIST_FILE = NewsAPIJSONParsingUsingCodable/Info.plist;
				LD_RUNPATH_SEARCH_PATHS = (
					"$(inherited)",
					"@executable_path/Frameworks",
				);
				PRODUCT_BUNDLE_IDENTIFIER = RanjeetRaushan.NewsAPIJSONParsingUsingCodable;
				PRODUCT_NAME = "$(TARGET_NAME)";
				SWIFT_VERSION = 5.0;
				TARGETED_DEVICE_FAMILY = "1,2";
			};
			name = Debug;
		};
		CEF4C31B25608C330029511A /* Release */ = {
			isa = XCBuildConfiguration;
			buildSettings = {
				ASSETCATALOG_COMPILER_APPICON_NAME = AppIcon;
				CODE_SIGN_STYLE = Automatic;
				DEVELOPMENT_TEAM = ZBBZ6K6ZJT;
				INFOPLIST_FILE = NewsAPIJSONParsingUsingCodable/Info.plist;
				LD_RUNPATH_SEARCH_PATHS = (
					"$(inherited)",
					"@executable_path/Frameworks",
				);
				PRODUCT_BUNDLE_IDENTIFIER = RanjeetRaushan.NewsAPIJSONParsingUsingCodable;
				PRODUCT_NAME = "$(TARGET_NAME)";
				SWIFT_VERSION = 5.0;
				TARGETED_DEVICE_FAMILY = "1,2";
			};
			name = Release;
		};
/* End XCBuildConfiguration section */

/* Begin XCConfigurationList section */
		CEF4C30025608C310029511A /* Build configuration list for PBXProject "NewsAPIJSONParsingUsingCodable" */ = {
			isa = XCConfigurationList;
			buildConfigurations = (
				CEF4C31725608C330029511A /* Debug */,
				CEF4C31825608C330029511A /* Release */,
			);
			defaultConfigurationIsVisible = 0;
			defaultConfigurationName = Release;
		};
		CEF4C31925608C330029511A /* Build configuration list for PBXNativeTarget "NewsAPIJSONParsingUsingCodable" */ = {
			isa = XCConfigurationList;
			buildConfigurations = (
				CEF4C31A25608C330029511A /* Debug */,
				CEF4C31B25608C330029511A /* Release */,
			);
			defaultConfigurationIsVisible = 0;
			defaultConfigurationName = Release;
		};
/* End XCConfigurationList section */
	};
	rootObject = CEF4C2FD25608C310029511A /* Project object */;
}
